
Microsoft Visual Studio Solution File, Format Version 12.00
# Visual Studio Version 17
VisualStudioVersion = 17.4.33205.214
MinimumVisualStudioVersion = 10.0.40219.1
Project("{2150E333-8FDC-42A3-9474-1A3956D46DE8}") = "src", "src", "{ACDD2342-F2E6-485E-88F3-E72BFDED2CAA}"
EndProject
Project("{2150E333-8FDC-42A3-9474-1A3956D46DE8}") = "application", "application", "{EF62880C-EC17-4616-A9DC-2E99345BE6EC}"
EndProject
Project("{2150E333-8FDC-42A3-9474-1A3956D46DE8}") = "business", "business", "{F123EFC1-7D28-4358-83CE-BD788C480A19}"
EndProject
Project("{2150E333-8FDC-42A3-9474-1A3956D46DE8}") = "database", "database", "{96AB6EC8-BE55-4847-A2FE-721B347668A8}"
EndProject
Project("{9A19103F-16F7-4668-BE54-9A1E7A4F7556}") = "ErpCore.Database", "ErpCore.Database\ErpCore.Database.csproj", "{A202341F-D18F-4A6B-899D-D13ED98BF024}"
EndProject
Project("{9A19103F-16F7-4668-BE54-9A1E7A4F7556}") = "ErpCore.Database.Shared", "ErpCore.Database.Shared\ErpCore.Database.Shared.csproj", "{08EA6023-24D7-4336-BE77-ECDA32222184}"
EndProject
Project("{9A19103F-16F7-4668-BE54-9A1E7A4F7556}") = "ErpCore.Business.Logic", "ErpCore.Business.Logic\ErpCore.Business.Logic.csproj", "{E1F01078-A3DD-4A00-96EB-BB78BD5DCBD4}"
EndProject
Project("{9A19103F-16F7-4668-BE54-9A1E7A4F7556}") = "ErpCore.Business.Logic.Shared", "ErpCore.Business.Logic.Shared\ErpCore.Business.Logic.Shared.csproj", "{BBBAA4A3-6959-4170-B381-D28006AEACD2}"
EndProject
Project("{2150E333-8FDC-42A3-9474-1A3956D46DE8}") = "common", "common", "{1DDC5396-07A5-4B04-B675-6A43D4B7F937}"
EndProject
Project("{9A19103F-16F7-4668-BE54-9A1E7A4F7556}") = "ErpCore.Ultils", "ErpCore.Ultils\ErpCore.Ultils.csproj", "{EEB90BBB-FA75-4A3C-937A-59944F716467}"
EndProject
Project("{9A19103F-16F7-4668-BE54-9A1E7A4F7556}") = "ErpCore.Common.Shared", "ErpCore.Common.Shared\ErpCore.Common.Shared.csproj", "{4DA4F30D-78F1-4B89-BCAF-90AF093DEB57}"
EndProject
Project("{9A19103F-16F7-4668-BE54-9A1E7A4F7556}") = "ErpCore.WebApp", "ErpCore.WebApp\ErpCore.WebApp.csproj", "{555DF749-2741-49B5-8362-1E71CFCF716A}"
EndProject
Project("{9A19103F-16F7-4668-BE54-9A1E7A4F7556}") = "ErpCore.Admin", "ErpCore.Admin\ErpCore.Admin.csproj", "{5AA21D6E-357E-4D94-901F-32BEF65E3D88}"
EndProject
Project("{9A19103F-16F7-4668-BE54-9A1E7A4F7556}") = "ErpCore.WebApi", "ErpCore.WebApi\ErpCore.WebApi.csproj", "{0CD5CE6F-4A2E-435C-8A85-379E6ACD1AC1}"
EndProject
Global
	GlobalSection(SolutionConfigurationPlatforms) = preSolution
		Debug|Any CPU = Debug|Any CPU
		Release|Any CPU = Release|Any CPU
	EndGlobalSection
	GlobalSection(ProjectConfigurationPlatforms) = postSolution
		{A202341F-D18F-4A6B-899D-D13ED98BF024}.Debug|Any CPU.ActiveCfg = Debug|Any CPU
		{A202341F-D18F-4A6B-899D-D13ED98BF024}.Debug|Any CPU.Build.0 = Debug|Any CPU
		{A202341F-D18F-4A6B-899D-D13ED98BF024}.Release|Any CPU.ActiveCfg = Release|Any CPU
		{A202341F-D18F-4A6B-899D-D13ED98BF024}.Release|Any CPU.Build.0 = Release|Any CPU
		{08EA6023-24D7-4336-BE77-ECDA32222184}.Debug|Any CPU.ActiveCfg = Debug|Any CPU
		{08EA6023-24D7-4336-BE77-ECDA32222184}.Debug|Any CPU.Build.0 = Debug|Any CPU
		{08EA6023-24D7-4336-BE77-ECDA32222184}.Release|Any CPU.ActiveCfg = Release|Any CPU
		{08EA6023-24D7-4336-BE77-ECDA32222184}.Release|Any CPU.Build.0 = Release|Any CPU
		{E1F01078-A3DD-4A00-96EB-BB78BD5DCBD4}.Debug|Any CPU.ActiveCfg = Debug|Any CPU
		{E1F01078-A3DD-4A00-96EB-BB78BD5DCBD4}.Debug|Any CPU.Build.0 = Debug|Any CPU
		{E1F01078-A3DD-4A00-96EB-BB78BD5DCBD4}.Release|Any CPU.ActiveCfg = Release|Any CPU
		{E1F01078-A3DD-4A00-96EB-BB78BD5DCBD4}.Release|Any CPU.Build.0 = Release|Any CPU
		{BBBAA4A3-6959-4170-B381-D28006AEACD2}.Debug|Any CPU.ActiveCfg = Debug|Any CPU
		{BBBAA4A3-6959-4170-B381-D28006AEACD2}.Debug|Any CPU.Build.0 = Debug|Any CPU
		{BBBAA4A3-6959-4170-B381-D28006AEACD2}.Release|Any CPU.ActiveCfg = Release|Any CPU
		{BBBAA4A3-6959-4170-B381-D28006AEACD2}.Release|Any CPU.Build.0 = Release|Any CPU
		{EEB90BBB-FA75-4A3C-937A-59944F716467}.Debug|Any CPU.ActiveCfg = Debug|Any CPU
		{EEB90BBB-FA75-4A3C-937A-59944F716467}.Debug|Any CPU.Build.0 = Debug|Any CPU
		{EEB90BBB-FA75-4A3C-937A-59944F716467}.Release|Any CPU.ActiveCfg = Release|Any CPU
		{EEB90BBB-FA75-4A3C-937A-59944F716467}.Release|Any CPU.Build.0 = Release|Any CPU
		{4DA4F30D-78F1-4B89-BCAF-90AF093DEB57}.Debug|Any CPU.ActiveCfg = Debug|Any CPU
		{4DA4F30D-78F1-4B89-BCAF-90AF093DEB57}.Debug|Any CPU.Build.0 = Debug|Any CPU
		{4DA4F30D-78F1-4B89-BCAF-90AF093DEB57}.Release|Any CPU.ActiveCfg = Release|Any CPU
		{4DA4F30D-78F1-4B89-BCAF-90AF093DEB57}.Release|Any CPU.Build.0 = Release|Any CPU
		{555DF749-2741-49B5-8362-1E71CFCF716A}.Debug|Any CPU.ActiveCfg = Debug|Any CPU
		{555DF749-2741-49B5-8362-1E71CFCF716A}.Debug|Any CPU.Build.0 = Debug|Any CPU
		{555DF749-2741-49B5-8362-1E71CFCF716A}.Release|Any CPU.ActiveCfg = Release|Any CPU
		{555DF749-2741-49B5-8362-1E71CFCF716A}.Release|Any CPU.Build.0 = Release|Any CPU
		{5AA21D6E-357E-4D94-901F-32BEF65E3D88}.Debug|Any CPU.ActiveCfg = Debug|Any CPU
		{5AA21D6E-357E-4D94-901F-32BEF65E3D88}.Debug|Any CPU.Build.0 = Debug|Any CPU
		{5AA21D6E-357E-4D94-901F-32BEF65E3D88}.Release|Any CPU.ActiveCfg = Release|Any CPU
		{5AA21D6E-357E-4D94-901F-32BEF65E3D88}.Release|Any CPU.Build.0 = Release|Any CPU
		{0CD5CE6F-4A2E-435C-8A85-379E6ACD1AC1}.Debug|Any CPU.ActiveCfg = Debug|Any CPU
		{0CD5CE6F-4A2E-435C-8A85-379E6ACD1AC1}.Debug|Any CPU.Build.0 = Debug|Any CPU
		{0CD5CE6F-4A2E-435C-8A85-379E6ACD1AC1}.Release|Any CPU.ActiveCfg = Release|Any CPU
		{0CD5CE6F-4A2E-435C-8A85-379E6ACD1AC1}.Release|Any CPU.Build.0 = Release|Any CPU
	EndGlobalSection
	GlobalSection(SolutionProperties) = preSolution
		HideSolutionNode = FALSE
	EndGlobalSection
	GlobalSection(NestedProjects) = preSolution
		{EF62880C-EC17-4616-A9DC-2E99345BE6EC} = {ACDD2342-F2E6-485E-88F3-E72BFDED2CAA}
		{F123EFC1-7D28-4358-83CE-BD788C480A19} = {ACDD2342-F2E6-485E-88F3-E72BFDED2CAA}
		{96AB6EC8-BE55-4847-A2FE-721B347668A8} = {ACDD2342-F2E6-485E-88F3-E72BFDED2CAA}
		{A202341F-D18F-4A6B-899D-D13ED98BF024} = {96AB6EC8-BE55-4847-A2FE-721B347668A8}
		{08EA6023-24D7-4336-BE77-ECDA32222184} = {96AB6EC8-BE55-4847-A2FE-721B347668A8}
		{E1F01078-A3DD-4A00-96EB-BB78BD5DCBD4} = {F123EFC1-7D28-4358-83CE-BD788C480A19}
		{BBBAA4A3-6959-4170-B381-D28006AEACD2} = {F123EFC1-7D28-4358-83CE-BD788C480A19}
		{1DDC5396-07A5-4B04-B675-6A43D4B7F937} = {ACDD2342-F2E6-485E-88F3-E72BFDED2CAA}
		{EEB90BBB-FA75-4A3C-937A-59944F716467} = {1DDC5396-07A5-4B04-B675-6A43D4B7F937}
		{4DA4F30D-78F1-4B89-BCAF-90AF093DEB57} = {1DDC5396-07A5-4B04-B675-6A43D4B7F937}
		{555DF749-2741-49B5-8362-1E71CFCF716A} = {EF62880C-EC17-4616-A9DC-2E99345BE6EC}
		{5AA21D6E-357E-4D94-901F-32BEF65E3D88} = {EF62880C-EC17-4616-A9DC-2E99345BE6EC}
		{0CD5CE6F-4A2E-435C-8A85-379E6ACD1AC1} = {EF62880C-EC17-4616-A9DC-2E99345BE6EC}
	EndGlobalSection
	GlobalSection(ExtensibilityGlobals) = postSolution
		SolutionGuid = {35A45E66-F2A4-46A7-972A-11FE55C43F8F}
	EndGlobalSection
EndGlobal
